
Microsoft Visual Studio Solution File, Format Version 12.00
# Visual Studio 14
VisualStudioVersion = 14.0.25123.0
MinimumVisualStudioVersion = 10.0.40219.1
Project("{9092AA53-FB77-4645-B42D-1CCCA6BD08BD}") = "rovControl", "rovControl\rovControl.njsproj", "{DE1537CC-2BE5-4502-AED8-3FDFAF5495D3}"
EndProject
Global
	GlobalSection(SolutionConfigurationPlatforms) = preSolution
		Debug|Any CPU = Debug|Any CPU
		Release|Any CPU = Release|Any CPU
	EndGlobalSection
	GlobalSection(ProjectConfigurationPlatforms) = postSolution
		{DE1537CC-2BE5-4502-AED8-3FDFAF5495D3}.Debug|Any CPU.ActiveCfg = Debug|Any CPU
		{DE1537CC-2BE5-4502-AED8-3FDFAF5495D3}.Debug|Any CPU.Build.0 = Debug|Any CPU
		{DE1537CC-2BE5-4502-AED8-3FDFAF5495D3}.Release|Any CPU.ActiveCfg = Release|Any CPU
		{DE1537CC-2BE5-4502-AED8-3FDFAF5495D3}.Release|Any CPU.Build.0 = Release|Any CPU
	EndGlobalSection
	GlobalSection(SolutionProperties) = preSolution
		HideSolutionNode = FALSE
	EndGlobalSection
EndGlobal
